
Microsoft Visual Studio Solution File, Format Version 12.00
# Visual Studio Version 17
VisualStudioVersion = 17.0.31903.59
MinimumVisualStudioVersion = 10.0.40219.1
Project("{FAE04EC0-301F-11D3-BF4B-00C04F79EFBC}") = "ServiceControl.Domain", "ServiceControl.Domain\ServiceControl.Domain.csproj", "{E97ACD48-42E7-4444-83AE-979A15DD422F}"
EndProject
Project("{FAE04EC0-301F-11D3-BF4B-00C04F79EFBC}") = "ServiceControl.Application", "ServiceControl.Application\ServiceControl.Application.csproj", "{EA6A0E76-D25F-44FE-996F-4D45295876C5}"
EndProject
Project("{FAE04EC0-301F-11D3-BF4B-00C04F79EFBC}") = "ServiceControl.Infrastructure", "ServiceControl.Infrastructure\ServiceControl.Infrastructure.csproj", "{A0DB3EF5-1257-4676-8548-E5A283408E99}"
EndProject
Project("{FAE04EC0-301F-11D3-BF4B-00C04F79EFBC}") = "ServiceControl.API", "ServiceControl.API\ServiceControl.API.csproj", "{EFCD918C-7334-44CA-9E4F-60345E0232B1}"
EndProject
Global
	GlobalSection(SolutionConfigurationPlatforms) = preSolution
		Debug|Any CPU = Debug|Any CPU
		Release|Any CPU = Release|Any CPU
	EndGlobalSection
	GlobalSection(SolutionProperties) = preSolution
		HideSolutionNode = FALSE
	EndGlobalSection
	GlobalSection(ProjectConfigurationPlatforms) = postSolution
		{E97ACD48-42E7-4444-83AE-979A15DD422F}.Debug|Any CPU.ActiveCfg = Debug|Any CPU
		{E97ACD48-42E7-4444-83AE-979A15DD422F}.Debug|Any CPU.Build.0 = Debug|Any CPU
		{E97ACD48-42E7-4444-83AE-979A15DD422F}.Release|Any CPU.ActiveCfg = Release|Any CPU
		{E97ACD48-42E7-4444-83AE-979A15DD422F}.Release|Any CPU.Build.0 = Release|Any CPU
		{EA6A0E76-D25F-44FE-996F-4D45295876C5}.Debug|Any CPU.ActiveCfg = Debug|Any CPU
		{EA6A0E76-D25F-44FE-996F-4D45295876C5}.Debug|Any CPU.Build.0 = Debug|Any CPU
		{EA6A0E76-D25F-44FE-996F-4D45295876C5}.Release|Any CPU.ActiveCfg = Release|Any CPU
		{EA6A0E76-D25F-44FE-996F-4D45295876C5}.Release|Any CPU.Build.0 = Release|Any CPU
		{A0DB3EF5-1257-4676-8548-E5A283408E99}.Debug|Any CPU.ActiveCfg = Debug|Any CPU
		{A0DB3EF5-1257-4676-8548-E5A283408E99}.Debug|Any CPU.Build.0 = Debug|Any CPU
		{A0DB3EF5-1257-4676-8548-E5A283408E99}.Release|Any CPU.ActiveCfg = Release|Any CPU
		{A0DB3EF5-1257-4676-8548-E5A283408E99}.Release|Any CPU.Build.0 = Release|Any CPU
		{EFCD918C-7334-44CA-9E4F-60345E0232B1}.Debug|Any CPU.ActiveCfg = Debug|Any CPU
		{EFCD918C-7334-44CA-9E4F-60345E0232B1}.Debug|Any CPU.Build.0 = Debug|Any CPU
		{EFCD918C-7334-44CA-9E4F-60345E0232B1}.Release|Any CPU.ActiveCfg = Release|Any CPU
		{EFCD918C-7334-44CA-9E4F-60345E0232B1}.Release|Any CPU.Build.0 = Release|Any CPU
	EndGlobalSection
EndGlobal
